
Microsoft Visual Studio Solution File, Format Version 12.00
# Visual Studio 15
VisualStudioVersion = 15.0.28307.421
MinimumVisualStudioVersion = 10.0.40219.1
Project("{8BC9CEB8-8B4A-11D0-8D11-00A0C91BC942}") = "MyThreadPool", "MyThreadPool\MyThreadPool.vcxproj", "{9BF661BD-1F28-4C94-B3ED-7FBA83C63FAF}"
EndProject
Global
	GlobalSection(SolutionConfigurationPlatforms) = preSolution
		Debug|x64 = Debug|x64
		Debug|x86 = Debug|x86
		Release|x64 = Release|x64
		Release|x86 = Release|x86
	EndGlobalSection
	GlobalSection(ProjectConfigurationPlatforms) = postSolution
		{9BF661BD-1F28-4C94-B3ED-7FBA83C63FAF}.Debug|x64.ActiveCfg = Debug|x64
		{9BF661BD-1F28-4C94-B3ED-7FBA83C63FAF}.Debug|x64.Build.0 = Debug|x64
		{9BF661BD-1F28-4C94-B3ED-7FBA83C63FAF}.Debug|x86.ActiveCfg = Debug|Win32
		{9BF661BD-1F28-4C94-B3ED-7FBA83C63FAF}.Debug|x86.Build.0 = Debug|Win32
		{9BF661BD-1F28-4C94-B3ED-7FBA83C63FAF}.Release|x64.ActiveCfg = Release|x64
		{9BF661BD-1F28-4C94-B3ED-7FBA83C63FAF}.Release|x64.Build.0 = Release|x64
		{9BF661BD-1F28-4C94-B3ED-7FBA83C63FAF}.Release|x86.ActiveCfg = Release|Win32
		{9BF661BD-1F28-4C94-B3ED-7FBA83C63FAF}.Release|x86.Build.0 = Release|Win32
	EndGlobalSection
	GlobalSection(SolutionProperties) = preSolution
		HideSolutionNode = FALSE
	EndGlobalSection
	GlobalSection(ExtensibilityGlobals) = postSolution
		SolutionGuid = {8951DFAD-4CC1-4ADF-A7CB-BFB8ED6C9BD9}
	EndGlobalSection
EndGlobal
